{
  "originHash" : "ab5314072431b7045aecbc6feac58980acff063b5726ea88fba7e5691d1f6d12",
  "pins" : [
    {
      "identity" : "swift-http-types",
      "kind" : "remoteSourceControl",
      "location" : "https://github.com/apple/swift-http-types",
      "state" : {
        "revision" : "bff4b6903cdc99dda49649dd52f46c11cfd3ed50",
        "version" : "1.8.0"
      }
    },
    {
      "identity" : "swift-openapi-runtime",
      "kind" : "remoteSourceControl",
      "location" : "https://github.com/apple/swift-openapi-runtime",
      "state" : {
        "revision" : "62595194f7d5951ef32129b15c0790ef24886867",
        "version" : "1.12.2"
      }
    }
  ],
  "version" : 3
}
