{
  "originHash" : "a85050c54f46db3b7c9fee41aa99b94b7fb6e61a1e20247036e153d48e36286a",
  "pins" : [
    {
      "identity" : "swift-http-types",
      "kind" : "remoteSourceControl",
      "location" : "https://github.com/apple/swift-http-types",
      "state" : {
        "revision" : "ef18d829e8b92d731ad27bb81583edd2094d1ce3",
        "version" : "1.3.1"
      }
    },
    {
      "identity" : "swift-openapi-runtime",
      "kind" : "remoteSourceControl",
      "location" : "https://github.com/apple/swift-openapi-runtime",
      "state" : {
        "revision" : "81c309c7b43cd56b2d2b90ca0170f17ff3d0c433",
        "version" : "1.8.1"
      }
    }
  ],
  "version" : 3
}
